
Microsoft Visual Studio Solution File, Format Version 12.00
# Visual Studio 15
VisualStudioVersion = 15.0.27428.2037
MinimumVisualStudioVersion = 10.0.40219.1
Project("{FAE04EC0-301F-11D3-BF4B-00C04F79EFBC}") = "Ado2Entity", "Ado2Entity\Ado2Entity.csproj", "{A5823B2F-32F7-4677-B7D0-138A72AA8E00}"
EndProject
Global
	GlobalSection(SolutionConfigurationPlatforms) = preSolution
		Debug|Any CPU = Debug|Any CPU
		Release|Any CPU = Release|Any CPU
	EndGlobalSection
	GlobalSection(ProjectConfigurationPlatforms) = postSolution
		{A5823B2F-32F7-4677-B7D0-138A72AA8E00}.Debug|Any CPU.ActiveCfg = Debug|Any CPU
		{A5823B2F-32F7-4677-B7D0-138A72AA8E00}.Debug|Any CPU.Build.0 = Debug|Any CPU
		{A5823B2F-32F7-4677-B7D0-138A72AA8E00}.Release|Any CPU.ActiveCfg = Release|Any CPU
		{A5823B2F-32F7-4677-B7D0-138A72AA8E00}.Release|Any CPU.Build.0 = Release|Any CPU
	EndGlobalSection
	GlobalSection(SolutionProperties) = preSolution
		HideSolutionNode = FALSE
	EndGlobalSection
	GlobalSection(ExtensibilityGlobals) = postSolution
		SolutionGuid = {B1D6C2CC-DE10-4EC2-B726-908C02E814A8}
	EndGlobalSection
EndGlobal
